
Microsoft Visual Studio Solution File, Format Version 12.00
# Visual Studio 15
VisualStudioVersion = 15.0.27130.2003
MinimumVisualStudioVersion = 10.0.40219.1
Project("{888888A0-9F3D-457C-B088-3A5042F75D52}") = "project", "project.pyproj", "{466701A6-4B76-4A52-A531-458E6B27B02A}"
EndProject
Global
	GlobalSection(SolutionConfigurationPlatforms) = preSolution
		Debug|Any CPU = Debug|Any CPU
		Release|Any CPU = Release|Any CPU
	EndGlobalSection
	GlobalSection(ProjectConfigurationPlatforms) = postSolution
		{466701A6-4B76-4A52-A531-458E6B27B02A}.Debug|Any CPU.ActiveCfg = Debug|Any CPU
		{466701A6-4B76-4A52-A531-458E6B27B02A}.Release|Any CPU.ActiveCfg = Release|Any CPU
	EndGlobalSection
	GlobalSection(SolutionProperties) = preSolution
		HideSolutionNode = FALSE
	EndGlobalSection
	GlobalSection(ExtensibilityGlobals) = postSolution
		SolutionGuid = {674BAF61-2B2A-4D5D-9222-0328F3AC359D}
	EndGlobalSection
EndGlobal
